# THIS IS AN AUTOGENERATED FILE. DO NOT EDIT THIS FILE DIRECTLY.
# yarn lockfile v1


"@types/async@2.0.50":
  version "2.0.50"
  resolved "https://registry.yarnpkg.com/@types/async/-/async-2.0.50.tgz#117540e026d64e1846093abbd5adc7e27fda7bcb"
  integrity sha512-VMhZMMQgV1zsR+lX/0IBfAk+8Eb7dPVMWiQGFAt3qjo5x7Ml6b77jUo0e1C3ToD+XRDXqtrfw+6AB0uUsPEr3Q==

"@types/zen-observable@^0.8.0":
  version "0.8.0"
  resolved "https://registry.yarnpkg.com/@types/zen-observable/-/zen-observable-0.8.0.tgz#8b63ab7f1aa5321248aad5ac890a485656dcea4d"
  integrity sha512-te5lMAWii1uEJ4FwLjzdlbw3+n0FZNOvFXHxQDKeT0dilh7HOzdMzV2TrJVUzq8ep7J4Na8OUYPRLSQkJHAlrg==

apollo-cache-inmemory@1.3.12:
  version "1.3.12"
  resolved "https://registry.yarnpkg.com/apollo-cache-inmemory/-/apollo-cache-inmemory-1.3.12.tgz#cf7ef7c15730d0b6787d79047d5c06087ac31991"
  integrity sha512-jxWcW64QoYQZ09UH6v3syvCCl3MWr6bsxT3wYYL6ORi8svdJUpnNrHTcv5qXqJYVg/a+NHhfEt+eGjJUG2ytXA==
  dependencies:
    apollo-cache "^1.1.22"
    apollo-utilities "^1.0.27"
    optimism "^0.6.8"

apollo-cache@1.1.22, apollo-cache@^1.1.22:
  version "1.1.22"
  resolved "https://registry.yarnpkg.com/apollo-cache/-/apollo-cache-1.1.22.tgz#d4682ea6e8b2508a934f61c2fd9e36b4a65041d9"
  integrity sha512-8PoxhQLISj2oHwT7i/r4l+ly4y3RKZls+dtXzAewu3U77P9dNZKhYkRNAhx9iEfsrNoHgXBV8vMp64hb1uYh+g==
  dependencies:
    apollo-utilities "^1.0.27"

apollo-client@2.4.8:
  version "2.4.8"
  resolved "https://registry.yarnpkg.com/apollo-client/-/apollo-client-2.4.8.tgz#3a798f1076243465a59061d44d11bd030b68deb9"
  integrity sha512-OAFbCTnGPtaIv0j+EZYzY20d+MD2JNbJ/YXZ4s0/oZlSg87bb0gjcIbccw2lnytipymZcZNr5ArFFeh0saGEwA==
  dependencies:
    "@types/zen-observable" "^0.8.0"
    apollo-cache "1.1.22"
    apollo-link "^1.0.0"
    apollo-link-dedup "^1.0.0"
    apollo-utilities "1.0.27"
    symbol-observable "^1.0.2"
    zen-observable "^0.8.0"
  optionalDependencies:
    "@types/async" "2.0.50"

apollo-link-dedup@^1.0.0:
  version "1.0.13"
  resolved "https://registry.yarnpkg.com/apollo-link-dedup/-/apollo-link-dedup-1.0.13.tgz#bb22957e18b6125ae8bfb46cab6bda8d33ba8046"
  integrity sha512-i4NuqT3DSFczFcC7NMUzmnYjKX7NggLY+rqYVf+kE9JjqKOQhT6wqhaWsVIABfIUGE/N0DTgYJBCMu/18aXmYA==
  dependencies:
    apollo-link "^1.2.6"

apollo-link-error@1.1.5:
  version "1.1.5"
  resolved "https://registry.yarnpkg.com/apollo-link-error/-/apollo-link-error-1.1.5.tgz#1d600dfa75c4e4bf017f50d60da7b375b53047ab"
  integrity sha512-gE0P711K+rI3QcTzfYhzRI9axXaiuq/emu8x8Y5NHK9jl9wxh7qmEc3ZTyGpnGFDDTXfhalmX17X5lp3RCVHDQ==
  dependencies:
    apollo-link "^1.2.6"
    apollo-link-http-common "^0.2.8"

apollo-link-http-common@^0.2.8:
  version "0.2.8"
  resolved "https://registry.yarnpkg.com/apollo-link-http-common/-/apollo-link-http-common-0.2.8.tgz#c6deedfc2739db8b11013c3c2d2ccd657152941f"
  integrity sha512-gGmXZN8mr7e9zjopzKQfZ7IKnh8H12NxBDzvp9nXI3U82aCVb72p+plgoYLcpMY8w6krvoYjgicFmf8LO20TCQ==
  dependencies:
    apollo-link "^1.2.6"

apollo-link-http@1.5.9:
  version "1.5.9"
  resolved "https://registry.yarnpkg.com/apollo-link-http/-/apollo-link-http-1.5.9.tgz#9046f5640a94c8a8b508a39e0f2c628b781baecc"
  integrity sha512-9tJy2zGm4Cm/1ycScDNZJe51dgnTSfKx7pKIgPZmcxkdDpgUY2DZitDH6ZBv4yp9z8MC9Xr9wgwc29s6hcadUQ==
  dependencies:
    apollo-link "^1.2.6"
    apollo-link-http-common "^0.2.8"

apollo-link@1.2.6, apollo-link@^1.0.0, apollo-link@^1.2.6:
  version "1.2.6"
  resolved "https://registry.yarnpkg.com/apollo-link/-/apollo-link-1.2.6.tgz#d9b5676d79c01eb4e424b95c7171697f6ad2b8da"
  integrity sha512-sUNlA20nqIF3gG3F8eyMD+mO80fmf3dPZX+GUOs3MI9oZR8ug09H3F0UsWJMcpEg6h55Yy5wZ+BMmAjrbenF/Q==
  dependencies:
    apollo-utilities "^1.0.0"
    zen-observable-ts "^0.8.13"

apollo-utilities@1.0.27, apollo-utilities@^1.0.0, apollo-utilities@^1.0.27:
  version "1.0.27"
  resolved "https://registry.yarnpkg.com/apollo-utilities/-/apollo-utilities-1.0.27.tgz#77c550f9086552376eca3a48e234a1466b5b057e"
  integrity sha512-nzrMQ89JMpNmYnVGJ4t8zN75gQbql27UDhlxNi+3OModp0Masx5g+fQmQJ5B4w2dpRuYOsdwFLmj3lQbwOKV1Q==
  dependencies:
    fast-json-stable-stringify "^2.0.0"

bcryptjs@2.4.3:
  version "2.4.3"
  resolved "https://registry.yarnpkg.com/bcryptjs/-/bcryptjs-2.4.3.tgz#9ab5627b93e60621ff7cdac5da9733027df1d0cb"
  integrity sha1-mrVie5PmBiH/fNrF2pczAn3x0Ms=

buffer-equal-constant-time@1.0.1:
  version "1.0.1"
  resolved "https://registry.yarnpkg.com/buffer-equal-constant-time/-/buffer-equal-constant-time-1.0.1.tgz#f8e71132f7ffe6e01a5c9697a4c6f3e48d5cc819"
  integrity sha1-+OcRMvf/5uAaXJaXpMbz5I1cyBk=

cookies-js@1.2.3:
  version "1.2.3"
  resolved "https://registry.yarnpkg.com/cookies-js/-/cookies-js-1.2.3.tgz#03315049e7c52bee3f73186a69167eab0ddb2d31"
  integrity sha1-AzFQSefFK+4/cxhqaRZ+qw3bLTE=

ecdsa-sig-formatter@1.0.10:
  version "1.0.10"
  resolved "https://registry.yarnpkg.com/ecdsa-sig-formatter/-/ecdsa-sig-formatter-1.0.10.tgz#1c595000f04a8897dfb85000892a0f4c33af86c3"
  integrity sha1-HFlQAPBKiJffuFAAiSoPTDOvhsM=
  dependencies:
    safe-buffer "^5.0.1"

fast-json-stable-stringify@^2.0.0:
  version "2.0.0"
  resolved "https://registry.yarnpkg.com/fast-json-stable-stringify/-/fast-json-stable-stringify-2.0.0.tgz#d5142c0caee6b1189f87d3a76111064f86c8bbf2"
  integrity sha1-1RQsDK7msRifh9OnYREGT4bIu/I=

graphql@14.0.2:
  version "14.0.2"
  resolved "https://registry.yarnpkg.com/graphql/-/graphql-14.0.2.tgz#7dded337a4c3fd2d075692323384034b357f5650"
  integrity sha512-gUC4YYsaiSJT1h40krG3J+USGlwhzNTXSb4IOZljn9ag5Tj+RkoXrWp+Kh7WyE3t1NCfab5kzCuxBIvOMERMXw==
  dependencies:
    iterall "^1.2.2"

immutable-tuple@^0.4.9:
  version "0.4.9"
  resolved "https://registry.yarnpkg.com/immutable-tuple/-/immutable-tuple-0.4.9.tgz#473ebdd6c169c461913a454bf87ef8f601a20ff0"
  integrity sha512-LWbJPZnidF8eczu7XmcnLBsumuyRBkpwIRPCZxlojouhBo5jEBO4toj6n7hMy6IxHU/c+MqDSWkvaTpPlMQcyA==

iterall@^1.2.2:
  version "1.2.2"
  resolved "https://registry.yarnpkg.com/iterall/-/iterall-1.2.2.tgz#92d70deb8028e0c39ff3164fdbf4d8b088130cd7"
  integrity sha512-yynBb1g+RFUPY64fTrFv7nsjRrENBQJaX2UL+2Szc9REFrSNm1rpSXHGzhmAy7a9uv3vlvgBlXnf9RqmPH1/DA==

jsonwebtoken@8.4.0:
  version "8.4.0"
  resolved "https://registry.yarnpkg.com/jsonwebtoken/-/jsonwebtoken-8.4.0.tgz#8757f7b4cb7440d86d5e2f3becefa70536c8e46a"
  integrity sha512-coyXjRTCy0pw5WYBpMvWOMN+Kjaik2MwTUIq9cna/W7NpO9E+iYbumZONAz3hcr+tXFJECoQVrtmIoC3Oz0gvg==
  dependencies:
    jws "^3.1.5"
    lodash.includes "^4.3.0"
    lodash.isboolean "^3.0.3"
    lodash.isinteger "^4.0.4"
    lodash.isnumber "^3.0.3"
    lodash.isplainobject "^4.0.6"
    lodash.isstring "^4.0.1"
    lodash.once "^4.0.0"
    ms "^2.1.1"

jwa@^1.1.5:
  version "1.1.6"
  resolved "https://registry.yarnpkg.com/jwa/-/jwa-1.1.6.tgz#87240e76c9808dbde18783cf2264ef4929ee50e6"
  integrity sha512-tBO/cf++BUsJkYql/kBbJroKOgHWEigTKBAjjBEmrMGYd1QMBC74Hr4Wo2zCZw6ZrVhlJPvoMrkcOnlWR/DJfw==
  dependencies:
    buffer-equal-constant-time "1.0.1"
    ecdsa-sig-formatter "1.0.10"
    safe-buffer "^5.0.1"

jws@^3.1.5:
  version "3.1.5"
  resolved "https://registry.yarnpkg.com/jws/-/jws-3.1.5.tgz#80d12d05b293d1e841e7cb8b4e69e561adcf834f"
  integrity sha512-GsCSexFADNQUr8T5HPJvayTjvPIfoyJPtLQBwn5a4WZQchcrPMPMAWcC1AzJVRDKyD6ZPROPAxgv6rfHViO4uQ==
  dependencies:
    jwa "^1.1.5"
    safe-buffer "^5.0.1"

lodash.includes@^4.3.0:
  version "4.3.0"
  resolved "https://registry.yarnpkg.com/lodash.includes/-/lodash.includes-4.3.0.tgz#60bb98a87cb923c68ca1e51325483314849f553f"
  integrity sha1-YLuYqHy5I8aMoeUTJUgzFISfVT8=

lodash.isboolean@^3.0.3:
  version "3.0.3"
  resolved "https://registry.yarnpkg.com/lodash.isboolean/-/lodash.isboolean-3.0.3.tgz#6c2e171db2a257cd96802fd43b01b20d5f5870f6"
  integrity sha1-bC4XHbKiV82WgC/UOwGyDV9YcPY=

lodash.isinteger@^4.0.4:
  version "4.0.4"
  resolved "https://registry.yarnpkg.com/lodash.isinteger/-/lodash.isinteger-4.0.4.tgz#619c0af3d03f8b04c31f5882840b77b11cd68343"
  integrity sha1-YZwK89A/iwTDH1iChAt3sRzWg0M=

lodash.isnumber@^3.0.3:
  version "3.0.3"
  resolved "https://registry.yarnpkg.com/lodash.isnumber/-/lodash.isnumber-3.0.3.tgz#3ce76810c5928d03352301ac287317f11c0b1ffc"
  integrity sha1-POdoEMWSjQM1IwGsKHMX8RwLH/w=

lodash.isplainobject@^4.0.6:
  version "4.0.6"
  resolved "https://registry.yarnpkg.com/lodash.isplainobject/-/lodash.isplainobject-4.0.6.tgz#7c526a52d89b45c45cc690b88163be0497f550cb"
  integrity sha1-fFJqUtibRcRcxpC4gWO+BJf1UMs=

lodash.isstring@^4.0.1:
  version "4.0.1"
  resolved "https://registry.yarnpkg.com/lodash.isstring/-/lodash.isstring-4.0.1.tgz#d527dfb5456eca7cc9bb95d5daeaf88ba54a5451"
  integrity sha1-1SfftUVuynzJu5XV2ur4i6VKVFE=

lodash.once@^4.0.0:
  version "4.1.1"
  resolved "https://registry.yarnpkg.com/lodash.once/-/lodash.once-4.1.1.tgz#0dd3971213c7c56df880977d504c88fb471a97ac"
  integrity sha1-DdOXEhPHxW34gJd9UEyI+0cal6w=

ms@^2.1.1:
  version "2.1.1"
  resolved "https://registry.yarnpkg.com/ms/-/ms-2.1.1.tgz#30a5864eb3ebb0a66f2ebe6d727af06a09d86e0a"
  integrity sha512-tgp+dl5cGk28utYktBsrFqA7HKgrhgPsg6Z/EfhWI4gl1Hwq8B/GmY/0oXZ6nF8hDVesS/FpnYaD/kOWhYQvyg==

node-fetch@2.3.0:
  version "2.3.0"
  resolved "https://registry.yarnpkg.com/node-fetch/-/node-fetch-2.3.0.tgz#1a1d940bbfb916a1d3e0219f037e89e71f8c5fa5"
  integrity sha512-MOd8pV3fxENbryESLgVIeaGKrdl+uaYhCSSVkjeOb/31/njTpcis5aWfdqgNlHIrKOLRbMnfPINPOML2CIFeXA==

optimism@^0.6.8:
  version "0.6.8"
  resolved "https://registry.yarnpkg.com/optimism/-/optimism-0.6.8.tgz#0780b546da8cd0a72e5207e0c3706c990c8673a6"
  integrity sha512-bN5n1KCxSqwBDnmgDnzMtQTHdL+uea2HYFx1smvtE+w2AMl0Uy31g0aXnP/Nt85OINnMJPRpJyfRQLTCqn5Weg==
  dependencies:
    immutable-tuple "^0.4.9"

safe-buffer@^5.0.1:
  version "5.1.2"
  resolved "https://registry.yarnpkg.com/safe-buffer/-/safe-buffer-5.1.2.tgz#991ec69d296e0313747d59bdfd2b745c35f8828d"
  integrity sha512-Gd2UZBJDkXlY7GbJxfsE8/nvKkUEU1G38c1siN6QP6a9PT9MmHB8GnpscSmMJSoF8LOIrt8ud/wPtojys4G6+g==

symbol-observable@^1.0.2:
  version "1.2.0"
  resolved "https://registry.yarnpkg.com/symbol-observable/-/symbol-observable-1.2.0.tgz#c22688aed4eab3cdc2dfeacbb561660560a00804"
  integrity sha512-e900nM8RRtGhlV36KGEU9k65K3mPb1WV70OdjfxlG2EAuM1noi/E/BaW/uMhL7bPEssK8QV57vN3esixjUvcXQ==

zen-observable-ts@^0.8.13:
  version "0.8.13"
  resolved "https://registry.yarnpkg.com/zen-observable-ts/-/zen-observable-ts-0.8.13.tgz#ae1fd77c84ef95510188b1f8bca579d7a5448fc2"
  integrity sha512-WDb8SM0tHCb6c0l1k60qXWlm1ok3zN9U4VkLdnBKQwIYwUoB9psH7LIFgR+JVCCMmBxUgOjskIid8/N02k/2Bg==
  dependencies:
    zen-observable "^0.8.0"

zen-observable@^0.8.0:
  version "0.8.11"
  resolved "https://registry.yarnpkg.com/zen-observable/-/zen-observable-0.8.11.tgz#d3415885eeeb42ee5abb9821c95bb518fcd6d199"
  integrity sha512-N3xXQVr4L61rZvGMpWe8XoCGX8vhU35dPyQ4fm5CY/KDlG0F75un14hjbckPXTDuKUY6V0dqR2giT6xN8Y4GEQ==
